
Microsoft Visual Studio Solution File, Format Version 12.00
# Visual Studio Version 17
VisualStudioVersion = 17.4.33110.190
MinimumVisualStudioVersion = 10.0.40219.1
Project("{FAE04EC0-301F-11D3-BF4B-00C04F79EFBC}") = "wLights", "wLights.csproj", "{0545D493-DB12-4793-813B-55ECA02EDD3E}"
EndProject
Global
	GlobalSection(SolutionConfigurationPlatforms) = preSolution
		Debug|Any CPU = Debug|Any CPU
		Release|Any CPU = Release|Any CPU
	EndGlobalSection
	GlobalSection(ProjectConfigurationPlatforms) = postSolution
		{0545D493-DB12-4793-813B-55ECA02EDD3E}.Debug|Any CPU.ActiveCfg = Debug|Any CPU
		{0545D493-DB12-4793-813B-55ECA02EDD3E}.Debug|Any CPU.Build.0 = Debug|Any CPU
		{0545D493-DB12-4793-813B-55ECA02EDD3E}.Release|Any CPU.ActiveCfg = Release|Any CPU
		{0545D493-DB12-4793-813B-55ECA02EDD3E}.Release|Any CPU.Build.0 = Release|Any CPU
	EndGlobalSection
	GlobalSection(SolutionProperties) = preSolution
		HideSolutionNode = FALSE
	EndGlobalSection
	GlobalSection(ExtensibilityGlobals) = postSolution
		SolutionGuid = {2CA362C2-28ED-4EE5-9BEA-4A03A30AEB83}
	EndGlobalSection
EndGlobal
